
Microsoft Visual Studio Solution File, Format Version 12.00
# Visual Studio Version 16
VisualStudioVersion = 16.0.31321.278
MinimumVisualStudioVersion = 10.0.40219.1
Project("{FAE04EC0-301F-11D3-BF4B-00C04F79EFBC}") = "WPFPluginTemplate", "WPFPluginTemplate\WPFPluginTemplate.csproj", "{734D87C7-6329-4B04-A89F-778B7985D63E}"
EndProject
Global
	GlobalSection(SolutionConfigurationPlatforms) = preSolution
		Debug|Any CPU = Debug|Any CPU
		Release|Any CPU = Release|Any CPU
	EndGlobalSection
	GlobalSection(ProjectConfigurationPlatforms) = postSolution
		{734D87C7-6329-4B04-A89F-778B7985D63E}.Debug|Any CPU.ActiveCfg = Debug|Any CPU
		{734D87C7-6329-4B04-A89F-778B7985D63E}.Debug|Any CPU.Build.0 = Debug|Any CPU
		{734D87C7-6329-4B04-A89F-778B7985D63E}.Release|Any CPU.ActiveCfg = Release|Any CPU
		{734D87C7-6329-4B04-A89F-778B7985D63E}.Release|Any CPU.Build.0 = Release|Any CPU
	EndGlobalSection
	GlobalSection(SolutionProperties) = preSolution
		HideSolutionNode = FALSE
	EndGlobalSection
	GlobalSection(ExtensibilityGlobals) = postSolution
		SolutionGuid = {38E9E493-888A-49E0-887D-4F2C76459877}
	EndGlobalSection
EndGlobal
